<?xml version="1.0" encoding="utf-8"?>
<Project ToolsVersion="4.0" xmlns="http://schemas.microsoft.com/developer/msbuild/2003">
  <ItemGroup>
    <Filter Include="Source Files">
      <UniqueIdentifier>{4FC737F1-C7A5-4376-A066-2A32D752A2FF}</UniqueIdentifier>
      <Extensions>cpp;c;cc;cxx;c++;cppm;ixx;def;odl;idl;hpj;bat;asm;asmx</Extensions>
    </Filter>
    <Filter Include="Header Files">
      <UniqueIdentifier>{93995380-89BD-4b04-88EB-625FBE52EBFB}</UniqueIdentifier>
      <Extensions>h;hh;hpp;hxx;h++;hm;inl;inc;ipp;xsd</Extensions>
    </Filter>
    <Filter Include="Resource Files">
      <UniqueIdentifier>{67DA6AB6-F800-4c08-8B7A-83BB121AAD01}</UniqueIdentifier>
      <Extensions>rc;ico;cur;bmp;dlg;rc2;rct;bin;rgs;gif;jpg;jpeg;jpe;resx;tiff;tif;png;wav;mfcribbon-ms</Extensions>
    </Filter>
    <Filter Include="Data Structures">
      <UniqueIdentifier>{419278af-4fb0-4092-b87a-67217916f500}</UniqueIdentifier>
    </Filter>
    <Filter Include="Graphics">
      <UniqueIdentifier>{b18495d4-ddb5-4d50-815d-abd42585ade6}</UniqueIdentifier>
    </Filter>
    <Filter Include="TaskSim">
      <UniqueIdentifier>{caccc002-c9df-41e5-8094-6f5e7f2365b1}</UniqueIdentifier>
    </Filter>
    <Filter Include="Schedulers">
      <UniqueIdentifier>{4a7c9856-5996-4faf-91ef-7f276e344f50}</UniqueIdentifier>
    </Filter>
    <Filter Include="MVC">
      <UniqueIdentifier>{ba11de55-bb9c-4816-8044-82233534eabe}</UniqueIdentifier>
    </Filter>
    <Filter Include="UI">
      <UniqueIdentifier>{a6e7814e-b348-4452-9811-3407233f993a}</UniqueIdentifier>
    </Filter>
    <Filter Include="DH">
      <UniqueIdentifier>{99e58c89-c7eb-428a-b49a-c3c7f3d069e1}</UniqueIdentifier>
    </Filter>
  </ItemGroup>
  <ItemGroup>
    <ClCompile Include="main.cpp">
      <Filter>Source Files</Filter>
    </ClCompile>
    <ClCompile Include="Task.cpp">
      <Filter>Data Structures</Filter>
    </ClCompile>
    <ClCompile Include="Job.cpp">
      <Filter>Data Structures</Filter>
    </ClCompile>
    <ClCompile Include="JobReleaseSprite.cpp">
      <Filter>Graphics</Filter>
    </ClCompile>
    <ClCompile Include="SpriteMaker.cpp">
      <Filter>Graphics</Filter>
    </ClCompile>
    <ClCompile Include="JobDeadlineSprite.cpp">
      <Filter>Graphics</Filter>
    </ClCompile>
    <ClCompile Include="FontFactory.cpp">
      <Filter>Graphics</Filter>
    </ClCompile>
    <ClCompile Include="TimelineSprite.cpp">
      <Filter>Graphics</Filter>
    </ClCompile>
    <ClCompile Include="ProblemSet.cpp">
      <Filter>Data Structures</Filter>
    </ClCompile>
    <ClCompile Include="ScheduleSprite.cpp">
      <Filter>Graphics</Filter>
    </ClCompile>
    <ClCompile Include="JobExecutionSprite.cpp">
      <Filter>Graphics</Filter>
    </ClCompile>
    <ClCompile Include="tinyxml2.cpp">
      <Filter>TaskSim</Filter>
    </ClCompile>
    <ClCompile Include="MouseoverRegistration.cpp">
      <Filter>TaskSim</Filter>
    </ClCompile>
    <ClCompile Include="JobCompletionSprite.cpp">
      <Filter>Graphics</Filter>
    </ClCompile>
    <ClCompile Include="Utility.cpp">
      <Filter>Source Files</Filter>
    </ClCompile>
    <ClCompile Include="ResourceAccessSprite.cpp">
      <Filter>Graphics</Filter>
    </ClCompile>
    <ClCompile Include="ColorFactory.cpp">
      <Filter>Graphics</Filter>
    </ClCompile>
    <ClCompile Include="SimulationState.cpp">
      <Filter>Source Files</Filter>
    </ClCompile>
    <ClCompile Include="TaskSimulator.cpp">
      <Filter>Source Files</Filter>
    </ClCompile>
    <ClCompile Include="NonPreemptiveEDF.cpp">
      <Filter>Schedulers</Filter>
    </ClCompile>
    <ClCompile Include="TitleView.cpp">
      <Filter>MVC</Filter>
    </ClCompile>
    <ClCompile Include="UIButton.cpp">
      <Filter>UI</Filter>
    </ClCompile>
    <ClCompile Include="TextSprite.cpp">
      <Filter>Graphics</Filter>
    </ClCompile>
    <ClCompile Include="OpenFileView.cpp">
      <Filter>MVC</Filter>
    </ClCompile>
    <ClCompile Include="ThreadLockedObject.cpp">
      <Filter>DH</Filter>
    </ClCompile>
    <ClCompile Include="SimulationView.cpp">
      <Filter>MVC</Filter>
    </ClCompile>
    <ClCompile Include="Scheduler.cpp">
      <Filter>Schedulers</Filter>
    </ClCompile>
    <ClCompile Include="DLLScheduler.cpp">
      <Filter>Schedulers</Filter>
    </ClCompile>
    <ClCompile Include="ButtonView.cpp">
      <Filter>MVC</Filter>
    </ClCompile>
    <ClCompile Include="JobExecution.cpp">
      <Filter>Data Structures</Filter>
    </ClCompile>
    <ClCompile Include="ViewManager.cpp">
      <Filter>MVC</Filter>
    </ClCompile>
    <ClCompile Include="CommentSprite.cpp">
      <Filter>Source Files</Filter>
    </ClCompile>
  </ItemGroup>
  <ItemGroup>
    <ClInclude Include="Task.hpp">
      <Filter>Data Structures</Filter>
    </ClInclude>
    <ClInclude Include="Job.hpp">
      <Filter>Data Structures</Filter>
    </ClInclude>
    <ClInclude Include="JobReleaseSprite.hpp">
      <Filter>Graphics</Filter>
    </ClInclude>
    <ClInclude Include="SpriteMaker.hpp">
      <Filter>Graphics</Filter>
    </ClInclude>
    <ClInclude Include="JobDeadlineSprite.hpp">
      <Filter>Graphics</Filter>
    </ClInclude>
    <ClInclude Include="FontFactory.hpp">
      <Filter>Graphics</Filter>
    </ClInclude>
    <ClInclude Include="TimelineSprite.hpp">
      <Filter>Graphics</Filter>
    </ClInclude>
    <ClInclude Include="ProblemSet.hpp">
      <Filter>Data Structures</Filter>
    </ClInclude>
    <ClInclude Include="ScheduleSprite.hpp">
      <Filter>Graphics</Filter>
    </ClInclude>
    <ClInclude Include="JobExecutionSprite.hpp">
      <Filter>Graphics</Filter>
    </ClInclude>
    <ClInclude Include="tinyxml2.h">
      <Filter>TaskSim</Filter>
    </ClInclude>
    <ClInclude Include="MouseoverRegistration.hpp">
      <Filter>TaskSim</Filter>
    </ClInclude>
    <ClInclude Include="JobCompletionSprite.hpp">
      <Filter>Graphics</Filter>
    </ClInclude>
    <ClInclude Include="Utility.hpp">
      <Filter>Header Files</Filter>
    </ClInclude>
    <ClInclude Include="ResourceAccessParameter.h">
      <Filter>Data Structures</Filter>
    </ClInclude>
    <ClInclude Include="ResourceAccessSprite.hpp">
      <Filter>Graphics</Filter>
    </ClInclude>
    <ClInclude Include="ColorFactory.hpp">
      <Filter>Graphics</Filter>
    </ClInclude>
    <ClInclude Include="SimulationState.hpp">
      <Filter>Header Files</Filter>
    </ClInclude>
    <ClInclude Include="TaskSimulator.hpp">
      <Filter>Header Files</Filter>
    </ClInclude>
    <ClInclude Include="NonPreemptiveEDF.hpp">
      <Filter>Schedulers</Filter>
    </ClInclude>
    <ClInclude Include="SchedulerExports.h">
      <Filter>Header Files</Filter>
    </ClInclude>
    <ClInclude Include="TitleView.hpp">
      <Filter>MVC</Filter>
    </ClInclude>
    <ClInclude Include="UIButton.hpp">
      <Filter>UI</Filter>
    </ClInclude>
    <ClInclude Include="ViewObject.hpp">
      <Filter>MVC</Filter>
    </ClInclude>
    <ClInclude Include="TextSprite.hpp">
      <Filter>Graphics</Filter>
    </ClInclude>
    <ClInclude Include="OpenFileView.hpp">
      <Filter>MVC</Filter>
    </ClInclude>
    <ClInclude Include="ThreadLockedObject.hpp">
      <Filter>DH</Filter>
    </ClInclude>
    <ClInclude Include="SimulationView.hpp">
      <Filter>MVC</Filter>
    </ClInclude>
    <ClInclude Include="Scheduler.hpp">
      <Filter>Schedulers</Filter>
    </ClInclude>
    <ClInclude Include="DLLScheduler.hpp">
      <Filter>Schedulers</Filter>
    </ClInclude>
    <ClInclude Include="ButtonView.hpp">
      <Filter>MVC</Filter>
    </ClInclude>
    <ClInclude Include="JobExecution.hpp">
      <Filter>Data Structures</Filter>
    </ClInclude>
    <ClInclude Include="JobStatusEvent.hpp">
      <Filter>Data Structures</Filter>
    </ClInclude>
    <ClInclude Include="ScheduleEvent.hpp">
      <Filter>Data Structures</Filter>
    </ClInclude>
    <ClInclude Include="CommentEvent.hpp">
      <Filter>Data Structures</Filter>
    </ClInclude>
    <ClInclude Include="ViewManager.hpp">
      <Filter>MVC</Filter>
    </ClInclude>
    <ClInclude Include="CommentSprite.hpp">
      <Filter>Header Files</Filter>
    </ClInclude>
  </ItemGroup>
</Project>